{
  "name": "@kcaltracker/history",
  "version": "1.0.0",
  "lockfileVersion": 3,
  "requires": true,
  "packages": {
    "": {
      "name": "@kcaltracker/history",
      "version": "1.0.0",
      "dependencies": {
        "@kcaltracker/broker": "file:../broker",
        "@kcaltracker/storage": "file:../storage"
      }
    },
    "../broker": {
      "version": "1.0.0",
      "dependencies": {
        "amqplib": "^0.10.3"
      }
    },
    "../storage": {
      "name": "@kcaltracker/storage",
      "version": "1.0.0",
      "dependencies": {
        "dotenv": "^16.4.5",
        "mssql": "^10.0.2",
        "uuid": "^9.0.1"
      }
    },
    "node_modules/@kcaltracker/broker": {
      "resolved": "../broker",
      "link": true
    },
    "node_modules/@kcaltracker/storage": {
      "resolved": "../storage",
      "link": true
    }
  }
}
